<?xml version="1.0" encoding="utf-8"?>
<Project ToolsVersion="4.0" xmlns="http://schemas.microsoft.com/developer/msbuild/2003">
  <ItemGroup>
    <Filter Include="Source Code">
      <UniqueIdentifier>{b6c7fed4-c942-45ac-8b32-6fc0cb402122}</UniqueIdentifier>
    </Filter>
    <Filter Include="Source Code\Core">
      <UniqueIdentifier>{0014bc15-c5b6-4c03-baa9-c3fe76933622}</UniqueIdentifier>
    </Filter>
    <Filter Include="Externals">
      <UniqueIdentifier>{4bbc50fa-48a9-40ff-9db7-52e64c1130eb}</UniqueIdentifier>
    </Filter>
    <Filter Include="Externals\SDL2">
      <UniqueIdentifier>{e2b3910d-b5f3-442a-b450-e455b751d077}</UniqueIdentifier>
    </Filter>
    <Filter Include="Source Code\Utils">
      <UniqueIdentifier>{396261e2-152f-4bbc-b12c-38e61823be28}</UniqueIdentifier>
    </Filter>
    <Filter Include="Source Code\Includes">
      <UniqueIdentifier>{ade12318-0f3d-4499-952c-6f7c8ed08272}</UniqueIdentifier>
    </Filter>
    <Filter Include="Source Code\Data Structures">
      <UniqueIdentifier>{6553c46c-eead-46db-bdae-b6fe8b30f3cb}</UniqueIdentifier>
    </Filter>
    <Filter Include="Source Code\Modules">
      <UniqueIdentifier>{39678d32-f26d-435d-8501-2af78fa44896}</UniqueIdentifier>
    </Filter>
    <Filter Include="Externals\Tracy">
      <UniqueIdentifier>{46a3a962-8f52-4514-9b74-6c75c4f759f5}</UniqueIdentifier>
    </Filter>
    <Filter Include="Source Code\Time Management">
      <UniqueIdentifier>{01d6b9c2-add3-4cd7-95af-8172d197a115}</UniqueIdentifier>
    </Filter>
    <Filter Include="Source Code\Core\Renderer">
      <UniqueIdentifier>{723ab429-44d4-4e44-a10b-220eb3958936}</UniqueIdentifier>
    </Filter>
    <Filter Include="Source Code\Core\Renderer\Vulkan">
      <UniqueIdentifier>{767c6614-5cfa-4da8-b636-893fa22b4853}</UniqueIdentifier>
    </Filter>
    <Filter Include="Source Code\Core\Renderer\OpenGL">
      <UniqueIdentifier>{3fd35134-218f-40fd-bbf5-1a9fc81ffe30}</UniqueIdentifier>
    </Filter>
    <Filter Include="Source Code\Core\Renderer\DirectX">
      <UniqueIdentifier>{3179d930-04df-4630-a054-c63c1d2d172e}</UniqueIdentifier>
    </Filter>
    <Filter Include="Externals\MathGeoLib">
      <UniqueIdentifier>{3972d015-46ac-4a64-9f0c-b992478e2baf}</UniqueIdentifier>
    </Filter>
    <Filter Include="Externals\MathGeoLib\Time">
      <UniqueIdentifier>{f09b9372-a271-4797-bda5-183ed686a1fb}</UniqueIdentifier>
    </Filter>
    <Filter Include="Externals\MathGeoLib\Math">
      <UniqueIdentifier>{0c46f391-8d9c-4756-82c2-423bed028fa8}</UniqueIdentifier>
    </Filter>
    <Filter Include="Externals\MathGeoLib\Geometry">
      <UniqueIdentifier>{6d72e9b2-4727-40a3-b7f5-1408079b5bae}</UniqueIdentifier>
    </Filter>
    <Filter Include="Externals\MathGeoLib\Algorithm">
      <UniqueIdentifier>{b1f6e52e-ca0d-49d1-8c8a-864f0cc44fa5}</UniqueIdentifier>
    </Filter>
    <Filter Include="Externals\MathGeoLib\Algorithm\Random">
      <UniqueIdentifier>{452dbac4-6d4d-48fe-b784-bdbebd3c5983}</UniqueIdentifier>
    </Filter>
    <Filter Include="Source Code\Memory">
      <UniqueIdentifier>{90b980f7-cb77-42c8-941a-c7b656389a06}</UniqueIdentifier>
    </Filter>
    <Filter Include="Source Code\Core\Renderer\Vulkan\Shaders">
      <UniqueIdentifier>{e42060bc-3cdb-478a-8ecf-69804c3914b0}</UniqueIdentifier>
    </Filter>
    <Filter Include="Source Code\File System">
      <UniqueIdentifier>{ff81d40c-a9ac-403a-98b9-985b1512de20}</UniqueIdentifier>
    </Filter>
    <Filter Include="Source Code\Importers">
      <UniqueIdentifier>{9e8975b9-a62c-49b1-9d6e-31c6df4059dd}</UniqueIdentifier>
    </Filter>
    <Filter Include="Source Code\Core\Camera">
      <UniqueIdentifier>{5fbe1815-501c-4e9c-8e21-a4cbd664aa50}</UniqueIdentifier>
    </Filter>
    <Filter Include="Source Code\Core\Renderer\GLSL">
      <UniqueIdentifier>{54e10806-e8e3-4c46-bd27-d8eddf9138cd}</UniqueIdentifier>
    </Filter>
    <Filter Include="Externals\stb_image">
      <UniqueIdentifier>{eda1c102-79d6-4228-bc17-f97d72a5e4f4}</UniqueIdentifier>
    </Filter>
    <Filter Include="Source Code\Resource Management">
      <UniqueIdentifier>{567c033a-37ae-422d-9317-e6961b50ac4b}</UniqueIdentifier>
    </Filter>
  </ItemGroup>
  <ItemGroup>
    <ClCompile Include="Source\Main.cpp">
      <Filter>Source Code\Core</Filter>
    </ClCompile>
    <ClCompile Include="Source\Application.cpp">
      <Filter>Source Code\Core</Filter>
    </ClCompile>
    <ClCompile Include="Source\Logger.cpp">
      <Filter>Source Code\Utils</Filter>
    </ClCompile>
    <ClCompile Include="Source\Module.cpp">
      <Filter>Source Code\Modules</Filter>
    </ClCompile>
    <ClCompile Include="Source\ModuleWindow.cpp">
      <Filter>Source Code\Modules</Filter>
    </ClCompile>
    <ClCompile Include="Source\ModuleInput.cpp">
      <Filter>Source Code\Modules</Filter>
    </ClCompile>
    <ClCompile Include="Source\ModuleRenderer3D.cpp">
      <Filter>Source Code\Modules</Filter>
    </ClCompile>
    <ClCompile Include="Source\ModuleCamera3D.cpp">
      <Filter>Source Code\Modules</Filter>
    </ClCompile>
    <ClCompile Include="Source\ThreadPool.cpp">
      <Filter>Source Code\Utils</Filter>
    </ClCompile>
    <ClCompile Include="Source\RingQueue.cpp">
      <Filter>Source Code\Data Structures</Filter>
    </ClCompile>
    <ClCompile Include="Source\External\Tracy\TracyClient.cpp">
      <Filter>Externals\Tracy</Filter>
    </ClCompile>
    <ClCompile Include="Source\EventSystem.cpp">
      <Filter>Source Code\Utils</Filter>
    </ClCompile>
    <ClCompile Include="Source\Timer.cpp">
      <Filter>Source Code\Time Management</Filter>
    </ClCompile>
    <ClCompile Include="Source\RendererBackend.cpp">
      <Filter>Source Code\Core\Renderer</Filter>
    </ClCompile>
    <ClCompile Include="Source\RendererFrontend.cpp">
      <Filter>Source Code\Core\Renderer</Filter>
    </ClCompile>
    <ClCompile Include="Source\VulkanBackend.cpp">
      <Filter>Source Code\Core\Renderer\Vulkan</Filter>
    </ClCompile>
    <ClCompile Include="Source\OpenGLBackend.cpp">
      <Filter>Source Code\Core\Renderer\OpenGL</Filter>
    </ClCompile>
    <ClCompile Include="Source\VulkanDevice.cpp">
      <Filter>Source Code\Core\Renderer\Vulkan</Filter>
    </ClCompile>
    <ClCompile Include="Source\VulkanSwapchain.cpp">
      <Filter>Source Code\Core\Renderer\Vulkan</Filter>
    </ClCompile>
    <ClCompile Include="Source\VulkanImage.cpp">
      <Filter>Source Code\Core\Renderer\Vulkan</Filter>
    </ClCompile>
    <ClCompile Include="Source\VulkanRenderpass.cpp">
      <Filter>Source Code\Core\Renderer\Vulkan</Filter>
    </ClCompile>
    <ClCompile Include="Source\VulkanCommandBuffer.cpp">
      <Filter>Source Code\Core\Renderer\Vulkan</Filter>
    </ClCompile>
    <ClCompile Include="Source\VulkanFramebuffer.cpp">
      <Filter>Source Code\Core\Renderer\Vulkan</Filter>
    </ClCompile>
    <ClCompile Include="Source\VulkanSyncObjects.cpp">
      <Filter>Source Code\Core\Renderer\Vulkan</Filter>
    </ClCompile>
    <ClCompile Include="Source\VulkanUtils.cpp">
      <Filter>Source Code\Core\Renderer\Vulkan</Filter>
    </ClCompile>
    <ClCompile Include="Source\External\MathGeoLib\include\Algorithm\Random\LCG.cpp">
      <Filter>Externals\MathGeoLib\Algorithm\Random</Filter>
    </ClCompile>
    <ClCompile Include="Source\External\MathGeoLib\include\Time\Clock.cpp">
      <Filter>Externals\MathGeoLib\Time</Filter>
    </ClCompile>
    <ClCompile Include="Source\External\MathGeoLib\include\Geometry\AABB.cpp">
      <Filter>Externals\MathGeoLib\Geometry</Filter>
    </ClCompile>
    <ClCompile Include="Source\External\MathGeoLib\include\Geometry\Capsule.cpp">
      <Filter>Externals\MathGeoLib\Geometry</Filter>
    </ClCompile>
    <ClCompile Include="Source\External\MathGeoLib\include\Geometry\Circle.cpp">
      <Filter>Externals\MathGeoLib\Geometry</Filter>
    </ClCompile>
    <ClCompile Include="Source\External\MathGeoLib\include\Geometry\Cone.cpp">
      <Filter>Externals\MathGeoLib\Geometry</Filter>
    </ClCompile>
    <ClCompile Include="Source\External\MathGeoLib\include\Geometry\Cylinder.cpp">
      <Filter>Externals\MathGeoLib\Geometry</Filter>
    </ClCompile>
    <ClCompile Include="Source\External\MathGeoLib\include\Geometry\Frustum.cpp">
      <Filter>Externals\MathGeoLib\Geometry</Filter>
    </ClCompile>
    <ClCompile Include="Source\External\MathGeoLib\include\Geometry\Line.cpp">
      <Filter>Externals\MathGeoLib\Geometry</Filter>
    </ClCompile>
    <ClCompile Include="Source\External\MathGeoLib\include\Geometry\LineSegment.cpp">
      <Filter>Externals\MathGeoLib\Geometry</Filter>
    </ClCompile>
    <ClCompile Include="Source\External\MathGeoLib\include\Geometry\OBB.cpp">
      <Filter>Externals\MathGeoLib\Geometry</Filter>
    </ClCompile>
    <ClCompile Include="Source\External\MathGeoLib\include\Geometry\Plane.cpp">
      <Filter>Externals\MathGeoLib\Geometry</Filter>
    </ClCompile>
    <ClCompile Include="Source\External\MathGeoLib\include\Geometry\Polygon.cpp">
      <Filter>Externals\MathGeoLib\Geometry</Filter>
    </ClCompile>
    <ClCompile Include="Source\External\MathGeoLib\include\Geometry\Polyhedron.cpp">
      <Filter>Externals\MathGeoLib\Geometry</Filter>
    </ClCompile>
    <ClCompile Include="Source\External\MathGeoLib\include\Geometry\Ray.cpp">
      <Filter>Externals\MathGeoLib\Geometry</Filter>
    </ClCompile>
    <ClCompile Include="Source\External\MathGeoLib\include\Geometry\Sphere.cpp">
      <Filter>Externals\MathGeoLib\Geometry</Filter>
    </ClCompile>
    <ClCompile Include="Source\External\MathGeoLib\include\Geometry\Triangle.cpp">
      <Filter>Externals\MathGeoLib\Geometry</Filter>
    </ClCompile>
    <ClCompile Include="Source\External\MathGeoLib\include\Geometry\TriangleMesh.cpp">
      <Filter>Externals\MathGeoLib\Geometry</Filter>
    </ClCompile>
    <ClCompile Include="Source\External\MathGeoLib\include\Math\BitOps.cpp">
      <Filter>Externals\MathGeoLib\Math</Filter>
    </ClCompile>
    <ClCompile Include="Source\External\MathGeoLib\include\Math\float2.cpp">
      <Filter>Externals\MathGeoLib\Math</Filter>
    </ClCompile>
    <ClCompile Include="Source\External\MathGeoLib\include\Math\float3.cpp">
      <Filter>Externals\MathGeoLib\Math</Filter>
    </ClCompile>
    <ClCompile Include="Source\External\MathGeoLib\include\Math\float3x3.cpp">
      <Filter>Externals\MathGeoLib\Math</Filter>
    </ClCompile>
    <ClCompile Include="Source\External\MathGeoLib\include\Math\float3x4.cpp">
      <Filter>Externals\MathGeoLib\Math</Filter>
    </ClCompile>
    <ClCompile Include="Source\External\MathGeoLib\include\Math\float4.cpp">
      <Filter>Externals\MathGeoLib\Math</Filter>
    </ClCompile>
    <ClCompile Include="Source\External\MathGeoLib\include\Math\float4x4.cpp">
      <Filter>Externals\MathGeoLib\Math</Filter>
    </ClCompile>
    <ClCompile Include="Source\External\MathGeoLib\include\Math\MathFunc.cpp">
      <Filter>Externals\MathGeoLib\Math</Filter>
    </ClCompile>
    <ClCompile Include="Source\External\MathGeoLib\include\Math\MathLog.cpp">
      <Filter>Externals\MathGeoLib\Math</Filter>
    </ClCompile>
    <ClCompile Include="Source\External\MathGeoLib\include\Math\MathOps.cpp">
      <Filter>Externals\MathGeoLib\Math</Filter>
    </ClCompile>
    <ClCompile Include="Source\External\MathGeoLib\include\Math\Polynomial.cpp">
      <Filter>Externals\MathGeoLib\Math</Filter>
    </ClCompile>
    <ClCompile Include="Source\External\MathGeoLib\include\Math\Quat.cpp">
      <Filter>Externals\MathGeoLib\Math</Filter>
    </ClCompile>
    <ClCompile Include="Source\External\MathGeoLib\include\Math\SSEMath.cpp">
      <Filter>Externals\MathGeoLib\Math</Filter>
    </ClCompile>
    <ClCompile Include="Source\External\MathGeoLib\include\Math\TransformOps.cpp">
      <Filter>Externals\MathGeoLib\Math</Filter>
    </ClCompile>
    <ClCompile Include="Source\VulkanDebugMessenger.cpp">
      <Filter>Source Code\Core\Renderer\Vulkan</Filter>
    </ClCompile>
    <ClCompile Include="Source\Random.cpp">
      <Filter>Source Code\Utils</Filter>
    </ClCompile>
    <ClCompile Include="Source\VulkanInstance.cpp">
      <Filter>Source Code\Core\Renderer\Vulkan</Filter>
    </ClCompile>
    <ClCompile Include="Source\MemoryManager.cpp">
      <Filter>Source Code\Memory</Filter>
    </ClCompile>
    <ClCompile Include="Source\LinearAllocator.cpp">
      <Filter>Source Code\Memory</Filter>
    </ClCompile>
    <ClCompile Include="Source\ModuleFileSystem.cpp">
      <Filter>Source Code\Modules</Filter>
    </ClCompile>
    <ClCompile Include="Source\VulkanObjectShader.cpp">
      <Filter>Source Code\Core\Renderer\Vulkan\Shaders</Filter>
    </ClCompile>
    <ClCompile Include="Source\VulkanShaderUtils.cpp">
      <Filter>Source Code\Core\Renderer\Vulkan\Shaders</Filter>
    </ClCompile>
    <ClCompile Include="Source\FileHandle.cpp">
      <Filter>Source Code\File System</Filter>
    </ClCompile>
    <ClCompile Include="Source\FileManager.cpp">
      <Filter>Source Code\File System</Filter>
    </ClCompile>
    <ClCompile Include="Source\VulkanGraphicsPipeline.cpp">
      <Filter>Source Code\Core\Renderer\Vulkan</Filter>
    </ClCompile>
    <ClCompile Include="Source\VulkanExternal.cpp">
      <Filter>Source Code\Core\Renderer\Vulkan</Filter>
    </ClCompile>
    <ClCompile Include="Source\VulkanBuffer.cpp">
      <Filter>Source Code\Core\Renderer\Vulkan</Filter>
    </ClCompile>
    <ClCompile Include="Source\ImporterMesh.cpp">
      <Filter>Source Code\Importers</Filter>
    </ClCompile>
    <ClCompile Include="Source\ImporterTexture.cpp">
      <Filter>Source Code\Importers</Filter>
    </ClCompile>
    <ClCompile Include="Source\Camera.cpp">
      <Filter>Source Code\Core\Camera</Filter>
    </ClCompile>
    <ClCompile Include="Source\ModuleScene.cpp">
      <Filter>Source Code\Modules</Filter>
    </ClCompile>
  </ItemGroup>
  <ItemGroup>
    <ClInclude Include="Source\Globals.h">
      <Filter>Source Code\Core</Filter>
    </ClInclude>
    <ClInclude Include="Source\Application.h">
      <Filter>Source Code\Core</Filter>
    </ClInclude>
    <ClInclude Include="Source\External\SDL2\include\begin_code.h">
      <Filter>Externals\SDL2</Filter>
    </ClInclude>
    <ClInclude Include="Source\External\SDL2\include\close_code.h">
      <Filter>Externals\SDL2</Filter>
    </ClInclude>
    <ClInclude Include="Source\External\SDL2\include\SDL.h">
      <Filter>Externals\SDL2</Filter>
    </ClInclude>
    <ClInclude Include="Source\External\SDL2\include\SDL_assert.h">
      <Filter>Externals\SDL2</Filter>
    </ClInclude>
    <ClInclude Include="Source\External\SDL2\include\SDL_atomic.h">
      <Filter>Externals\SDL2</Filter>
    </ClInclude>
    <ClInclude Include="Source\External\SDL2\include\SDL_audio.h">
      <Filter>Externals\SDL2</Filter>
    </ClInclude>
    <ClInclude Include="Source\External\SDL2\include\SDL_bits.h">
      <Filter>Externals\SDL2</Filter>
    </ClInclude>
    <ClInclude Include="Source\External\SDL2\include\SDL_blendmode.h">
      <Filter>Externals\SDL2</Filter>
    </ClInclude>
    <ClInclude Include="Source\External\SDL2\include\SDL_clipboard.h">
      <Filter>Externals\SDL2</Filter>
    </ClInclude>
    <ClInclude Include="Source\External\SDL2\include\SDL_config.h">
      <Filter>Externals\SDL2</Filter>
    </ClInclude>
    <ClInclude Include="Source\External\SDL2\include\SDL_cpuinfo.h">
      <Filter>Externals\SDL2</Filter>
    </ClInclude>
    <ClInclude Include="Source\External\SDL2\include\SDL_egl.h">
      <Filter>Externals\SDL2</Filter>
    </ClInclude>
    <ClInclude Include="Source\External\SDL2\include\SDL_endian.h">
      <Filter>Externals\SDL2</Filter>
    </ClInclude>
    <ClInclude Include="Source\External\SDL2\include\SDL_error.h">
      <Filter>Externals\SDL2</Filter>
    </ClInclude>
    <ClInclude Include="Source\External\SDL2\include\SDL_events.h">
      <Filter>Externals\SDL2</Filter>
    </ClInclude>
    <ClInclude Include="Source\External\SDL2\include\SDL_filesystem.h">
      <Filter>Externals\SDL2</Filter>
    </ClInclude>
    <ClInclude Include="Source\External\SDL2\include\SDL_gamecontroller.h">
      <Filter>Externals\SDL2</Filter>
    </ClInclude>
    <ClInclude Include="Source\External\SDL2\include\SDL_gesture.h">
      <Filter>Externals\SDL2</Filter>
    </ClInclude>
    <ClInclude Include="Source\External\SDL2\include\SDL_guid.h">
      <Filter>Externals\SDL2</Filter>
    </ClInclude>
    <ClInclude Include="Source\External\SDL2\include\SDL_haptic.h">
      <Filter>Externals\SDL2</Filter>
    </ClInclude>
    <ClInclude Include="Source\External\SDL2\include\SDL_hidapi.h">
      <Filter>Externals\SDL2</Filter>
    </ClInclude>
    <ClInclude Include="Source\External\SDL2\include\SDL_hints.h">
      <Filter>Externals\SDL2</Filter>
    </ClInclude>
    <ClInclude Include="Source\External\SDL2\include\SDL_joystick.h">
      <Filter>Externals\SDL2</Filter>
    </ClInclude>
    <ClInclude Include="Source\External\SDL2\include\SDL_keyboard.h">
      <Filter>Externals\SDL2</Filter>
    </ClInclude>
    <ClInclude Include="Source\External\SDL2\include\SDL_keycode.h">
      <Filter>Externals\SDL2</Filter>
    </ClInclude>
    <ClInclude Include="Source\External\SDL2\include\SDL_loadso.h">
      <Filter>Externals\SDL2</Filter>
    </ClInclude>
    <ClInclude Include="Source\External\SDL2\include\SDL_locale.h">
      <Filter>Externals\SDL2</Filter>
    </ClInclude>
    <ClInclude Include="Source\External\SDL2\include\SDL_log.h">
      <Filter>Externals\SDL2</Filter>
    </ClInclude>
    <ClInclude Include="Source\External\SDL2\include\SDL_main.h">
      <Filter>Externals\SDL2</Filter>
    </ClInclude>
    <ClInclude Include="Source\External\SDL2\include\SDL_messagebox.h">
      <Filter>Externals\SDL2</Filter>
    </ClInclude>
    <ClInclude Include="Source\External\SDL2\include\SDL_metal.h">
      <Filter>Externals\SDL2</Filter>
    </ClInclude>
    <ClInclude Include="Source\External\SDL2\include\SDL_misc.h">
      <Filter>Externals\SDL2</Filter>
    </ClInclude>
    <ClInclude Include="Source\External\SDL2\include\SDL_mouse.h">
      <Filter>Externals\SDL2</Filter>
    </ClInclude>
    <ClInclude Include="Source\External\SDL2\include\SDL_mutex.h">
      <Filter>Externals\SDL2</Filter>
    </ClInclude>
    <ClInclude Include="Source\External\SDL2\include\SDL_name.h">
      <Filter>Externals\SDL2</Filter>
    </ClInclude>
    <ClInclude Include="Source\External\SDL2\include\SDL_opengl.h">
      <Filter>Externals\SDL2</Filter>
    </ClInclude>
    <ClInclude Include="Source\External\SDL2\include\SDL_opengl_glext.h">
      <Filter>Externals\SDL2</Filter>
    </ClInclude>
    <ClInclude Include="Source\External\SDL2\include\SDL_opengles.h">
      <Filter>Externals\SDL2</Filter>
    </ClInclude>
    <ClInclude Include="Source\External\SDL2\include\SDL_opengles2.h">
      <Filter>Externals\SDL2</Filter>
    </ClInclude>
    <ClInclude Include="Source\External\SDL2\include\SDL_opengles2_gl2.h">
      <Filter>Externals\SDL2</Filter>
    </ClInclude>
    <ClInclude Include="Source\External\SDL2\include\SDL_opengles2_gl2ext.h">
      <Filter>Externals\SDL2</Filter>
    </ClInclude>
    <ClInclude Include="Source\External\SDL2\include\SDL_opengles2_gl2platform.h">
      <Filter>Externals\SDL2</Filter>
    </ClInclude>
    <ClInclude Include="Source\External\SDL2\include\SDL_opengles2_khrplatform.h">
      <Filter>Externals\SDL2</Filter>
    </ClInclude>
    <ClInclude Include="Source\External\SDL2\include\SDL_pixels.h">
      <Filter>Externals\SDL2</Filter>
    </ClInclude>
    <ClInclude Include="Source\External\SDL2\include\SDL_platform.h">
      <Filter>Externals\SDL2</Filter>
    </ClInclude>
    <ClInclude Include="Source\External\SDL2\include\SDL_power.h">
      <Filter>Externals\SDL2</Filter>
    </ClInclude>
    <ClInclude Include="Source\External\SDL2\include\SDL_quit.h">
      <Filter>Externals\SDL2</Filter>
    </ClInclude>
    <ClInclude Include="Source\External\SDL2\include\SDL_rect.h">
      <Filter>Externals\SDL2</Filter>
    </ClInclude>
    <ClInclude Include="Source\External\SDL2\include\SDL_render.h">
      <Filter>Externals\SDL2</Filter>
    </ClInclude>
    <ClInclude Include="Source\External\SDL2\include\SDL_revision.h">
      <Filter>Externals\SDL2</Filter>
    </ClInclude>
    <ClInclude Include="Source\External\SDL2\include\SDL_rwops.h">
      <Filter>Externals\SDL2</Filter>
    </ClInclude>
    <ClInclude Include="Source\External\SDL2\include\SDL_scancode.h">
      <Filter>Externals\SDL2</Filter>
    </ClInclude>
    <ClInclude Include="Source\External\SDL2\include\SDL_sensor.h">
      <Filter>Externals\SDL2</Filter>
    </ClInclude>
    <ClInclude Include="Source\External\SDL2\include\SDL_shape.h">
      <Filter>Externals\SDL2</Filter>
    </ClInclude>
    <ClInclude Include="Source\External\SDL2\include\SDL_stdinc.h">
      <Filter>Externals\SDL2</Filter>
    </ClInclude>
    <ClInclude Include="Source\External\SDL2\include\SDL_surface.h">
      <Filter>Externals\SDL2</Filter>
    </ClInclude>
    <ClInclude Include="Source\External\SDL2\include\SDL_system.h">
      <Filter>Externals\SDL2</Filter>
    </ClInclude>
    <ClInclude Include="Source\External\SDL2\include\SDL_syswm.h">
      <Filter>Externals\SDL2</Filter>
    </ClInclude>
    <ClInclude Include="Source\External\SDL2\include\SDL_test.h">
      <Filter>Externals\SDL2</Filter>
    </ClInclude>
    <ClInclude Include="Source\External\SDL2\include\SDL_test_assert.h">
      <Filter>Externals\SDL2</Filter>
    </ClInclude>
    <ClInclude Include="Source\External\SDL2\include\SDL_test_common.h">
      <Filter>Externals\SDL2</Filter>
    </ClInclude>
    <ClInclude Include="Source\External\SDL2\include\SDL_test_compare.h">
      <Filter>Externals\SDL2</Filter>
    </ClInclude>
    <ClInclude Include="Source\External\SDL2\include\SDL_test_crc32.h">
      <Filter>Externals\SDL2</Filter>
    </ClInclude>
    <ClInclude Include="Source\External\SDL2\include\SDL_test_font.h">
      <Filter>Externals\SDL2</Filter>
    </ClInclude>
    <ClInclude Include="Source\External\SDL2\include\SDL_test_fuzzer.h">
      <Filter>Externals\SDL2</Filter>
    </ClInclude>
    <ClInclude Include="Source\External\SDL2\include\SDL_test_harness.h">
      <Filter>Externals\SDL2</Filter>
    </ClInclude>
    <ClInclude Include="Source\External\SDL2\include\SDL_test_images.h">
      <Filter>Externals\SDL2</Filter>
    </ClInclude>
    <ClInclude Include="Source\External\SDL2\include\SDL_test_log.h">
      <Filter>Externals\SDL2</Filter>
    </ClInclude>
    <ClInclude Include="Source\External\SDL2\include\SDL_test_md5.h">
      <Filter>Externals\SDL2</Filter>
    </ClInclude>
    <ClInclude Include="Source\External\SDL2\include\SDL_test_memory.h">
      <Filter>Externals\SDL2</Filter>
    </ClInclude>
    <ClInclude Include="Source\External\SDL2\include\SDL_test_random.h">
      <Filter>Externals\SDL2</Filter>
    </ClInclude>
    <ClInclude Include="Source\External\SDL2\include\SDL_thread.h">
      <Filter>Externals\SDL2</Filter>
    </ClInclude>
    <ClInclude Include="Source\External\SDL2\include\SDL_timer.h">
      <Filter>Externals\SDL2</Filter>
    </ClInclude>
    <ClInclude Include="Source\External\SDL2\include\SDL_touch.h">
      <Filter>Externals\SDL2</Filter>
    </ClInclude>
    <ClInclude Include="Source\External\SDL2\include\SDL_types.h">
      <Filter>Externals\SDL2</Filter>
    </ClInclude>
    <ClInclude Include="Source\External\SDL2\include\SDL_version.h">
      <Filter>Externals\SDL2</Filter>
    </ClInclude>
    <ClInclude Include="Source\External\SDL2\include\SDL_video.h">
      <Filter>Externals\SDL2</Filter>
    </ClInclude>
    <ClInclude Include="Source\External\SDL2\include\SDL_vulkan.h">
      <Filter>Externals\SDL2</Filter>
    </ClInclude>
    <ClInclude Include="Source\Asserts.h">
      <Filter>Source Code\Utils</Filter>
    </ClInclude>
    <ClInclude Include="Source\Logger.h">
      <Filter>Source Code\Utils</Filter>
    </ClInclude>
    <ClInclude Include="Source\SDL2.h">
      <Filter>Source Code\Includes</Filter>
    </ClInclude>
    <ClInclude Include="Source\Module.h">
      <Filter>Source Code\Modules</Filter>
    </ClInclude>
    <ClInclude Include="Source\ModuleWindow.h">
      <Filter>Source Code\Modules</Filter>
    </ClInclude>
    <ClInclude Include="Source\ModuleInput.h">
      <Filter>Source Code\Modules</Filter>
    </ClInclude>
    <ClInclude Include="Source\ModuleRenderer3D.h">
      <Filter>Source Code\Modules</Filter>
    </ClInclude>
    <ClInclude Include="Source\ModuleCamera3D.h">
      <Filter>Source Code\Modules</Filter>
    </ClInclude>
    <ClInclude Include="Source\ThreadPool.h">
      <Filter>Source Code\Utils</Filter>
    </ClInclude>
    <ClInclude Include="Source\RingQueue.h">
      <Filter>Source Code\Data Structures</Filter>
    </ClInclude>
    <ClInclude Include="Source\Tracy.h">
      <Filter>Source Code\Includes</Filter>
    </ClInclude>
    <ClInclude Include="Source\External\Tracy\tracy\Tracy.hpp">
      <Filter>Externals\Tracy</Filter>
    </ClInclude>
    <ClInclude Include="Source\EventSystem.h">
      <Filter>Source Code\Utils</Filter>
    </ClInclude>
    <ClInclude Include="Source\DynamicArray.h">
      <Filter>Source Code\Data Structures</Filter>
    </ClInclude>
    <ClInclude Include="Source\TimeManager.h">
      <Filter>Source Code\Time Management</Filter>
    </ClInclude>
    <ClInclude Include="Source\Timer.h">
      <Filter>Source Code\Time Management</Filter>
    </ClInclude>
    <ClInclude Include="Source\RendererFrontend.h">
      <Filter>Source Code\Core\Renderer</Filter>
    </ClInclude>
    <ClInclude Include="Source\RendererBackend.h">
      <Filter>Source Code\Core\Renderer</Filter>
    </ClInclude>
    <ClInclude Include="Source\VulkanBackend.h">
      <Filter>Source Code\Core\Renderer\Vulkan</Filter>
    </ClInclude>
    <ClInclude Include="Source\Vulkan.h">
      <Filter>Source Code\Includes</Filter>
    </ClInclude>
    <ClInclude Include="Source\OpenGLBackend.h">
      <Filter>Source Code\Core\Renderer\OpenGL</Filter>
    </ClInclude>
    <ClInclude Include="Source\VulkanExternal.h">
      <Filter>Source Code\Core\Renderer\Vulkan</Filter>
    </ClInclude>
    <ClInclude Include="Source\VulkanDevice.h">
      <Filter>Source Code\Core\Renderer\Vulkan</Filter>
    </ClInclude>
    <ClInclude Include="Source\STL.h">
      <Filter>Source Code\Includes</Filter>
    </ClInclude>
    <ClInclude Include="Source\VulkanSwapchain.h">
      <Filter>Source Code\Core\Renderer\Vulkan</Filter>
    </ClInclude>
    <ClInclude Include="Source\VulkanImage.h">
      <Filter>Source Code\Core\Renderer\Vulkan</Filter>
    </ClInclude>
    <ClInclude Include="Source\VulkanRenderpass.h">
      <Filter>Source Code\Core\Renderer\Vulkan</Filter>
    </ClInclude>
    <ClInclude Include="Source\VulkanCommandBuffer.h">
      <Filter>Source Code\Core\Renderer\Vulkan</Filter>
    </ClInclude>
    <ClInclude Include="Source\VulkanFramebuffer.h">
      <Filter>Source Code\Core\Renderer\Vulkan</Filter>
    </ClInclude>
    <ClInclude Include="Source\VulkanSyncObjects.h">
      <Filter>Source Code\Core\Renderer\Vulkan</Filter>
    </ClInclude>
    <ClInclude Include="Source\VulkanUtils.h">
      <Filter>Source Code\Core\Renderer\Vulkan</Filter>
    </ClInclude>
    <ClInclude Include="Source\External\MathGeoLib\include\Algorithm\Random\LCG.h">
      <Filter>Externals\MathGeoLib\Algorithm\Random</Filter>
    </ClInclude>
    <ClInclude Include="Source\External\MathGeoLib\include\Time\Clock.h">
      <Filter>Externals\MathGeoLib\Time</Filter>
    </ClInclude>
    <ClInclude Include="Source\External\MathGeoLib\include\Geometry\AABB.h">
      <Filter>Externals\MathGeoLib\Geometry</Filter>
    </ClInclude>
    <ClInclude Include="Source\External\MathGeoLib\include\Geometry\AABB2D.h">
      <Filter>Externals\MathGeoLib\Geometry</Filter>
    </ClInclude>
    <ClInclude Include="Source\External\MathGeoLib\include\Geometry\Capsule.h">
      <Filter>Externals\MathGeoLib\Geometry</Filter>
    </ClInclude>
    <ClInclude Include="Source\External\MathGeoLib\include\Geometry\Circle.h">
      <Filter>Externals\MathGeoLib\Geometry</Filter>
    </ClInclude>
    <ClInclude Include="Source\External\MathGeoLib\include\Geometry\Cone.h">
      <Filter>Externals\MathGeoLib\Geometry</Filter>
    </ClInclude>
    <ClInclude Include="Source\External\MathGeoLib\include\Geometry\Cylinder.h">
      <Filter>Externals\MathGeoLib\Geometry</Filter>
    </ClInclude>
    <ClInclude Include="Source\External\MathGeoLib\include\Geometry\Frustum.h">
      <Filter>Externals\MathGeoLib\Geometry</Filter>
    </ClInclude>
    <ClInclude Include="Source\External\MathGeoLib\include\Geometry\GeometryAll.h">
      <Filter>Externals\MathGeoLib\Geometry</Filter>
    </ClInclude>
    <ClInclude Include="Source\External\MathGeoLib\include\Geometry\GeomType.h">
      <Filter>Externals\MathGeoLib\Geometry</Filter>
    </ClInclude>
    <ClInclude Include="Source\External\MathGeoLib\include\Geometry\HitInfo.h">
      <Filter>Externals\MathGeoLib\Geometry</Filter>
    </ClInclude>
    <ClInclude Include="Source\External\MathGeoLib\include\Geometry\KDTree.h">
      <Filter>Externals\MathGeoLib\Geometry</Filter>
    </ClInclude>
    <ClInclude Include="Source\External\MathGeoLib\include\Geometry\Line.h">
      <Filter>Externals\MathGeoLib\Geometry</Filter>
    </ClInclude>
    <ClInclude Include="Source\External\MathGeoLib\include\Geometry\LineSegment.h">
      <Filter>Externals\MathGeoLib\Geometry</Filter>
    </ClInclude>
    <ClInclude Include="Source\External\MathGeoLib\include\Geometry\OBB.h">
      <Filter>Externals\MathGeoLib\Geometry</Filter>
    </ClInclude>
    <ClInclude Include="Source\External\MathGeoLib\include\Geometry\PBVolume.h">
      <Filter>Externals\MathGeoLib\Geometry</Filter>
    </ClInclude>
    <ClInclude Include="Source\External\MathGeoLib\include\Geometry\Plane.h">
      <Filter>Externals\MathGeoLib\Geometry</Filter>
    </ClInclude>
    <ClInclude Include="Source\External\MathGeoLib\include\Geometry\Polygon.h">
      <Filter>Externals\MathGeoLib\Geometry</Filter>
    </ClInclude>
    <ClInclude Include="Source\External\MathGeoLib\include\Geometry\Polyhedron.h">
      <Filter>Externals\MathGeoLib\Geometry</Filter>
    </ClInclude>
    <ClInclude Include="Source\External\MathGeoLib\include\Geometry\QuadTree.h">
      <Filter>Externals\MathGeoLib\Geometry</Filter>
    </ClInclude>
    <ClInclude Include="Source\External\MathGeoLib\include\Geometry\Ray.h">
      <Filter>Externals\MathGeoLib\Geometry</Filter>
    </ClInclude>
    <ClInclude Include="Source\External\MathGeoLib\include\Geometry\Sphere.h">
      <Filter>Externals\MathGeoLib\Geometry</Filter>
    </ClInclude>
    <ClInclude Include="Source\External\MathGeoLib\include\Geometry\Triangle.h">
      <Filter>Externals\MathGeoLib\Geometry</Filter>
    </ClInclude>
    <ClInclude Include="Source\External\MathGeoLib\include\Geometry\TriangleMesh.h">
      <Filter>Externals\MathGeoLib\Geometry</Filter>
    </ClInclude>
    <ClInclude Include="Source\External\MathGeoLib\include\Math\assume.h">
      <Filter>Externals\MathGeoLib\Math</Filter>
    </ClInclude>
    <ClInclude Include="Source\External\MathGeoLib\include\Math\BitOps.h">
      <Filter>Externals\MathGeoLib\Math</Filter>
    </ClInclude>
    <ClInclude Include="Source\External\MathGeoLib\include\Math\Complex.h">
      <Filter>Externals\MathGeoLib\Math</Filter>
    </ClInclude>
    <ClInclude Include="Source\External\MathGeoLib\include\Math\CoordinateAxisConvention.h">
      <Filter>Externals\MathGeoLib\Math</Filter>
    </ClInclude>
    <ClInclude Include="Source\External\MathGeoLib\include\Math\FixedPoint.h">
      <Filter>Externals\MathGeoLib\Math</Filter>
    </ClInclude>
    <ClInclude Include="Source\External\MathGeoLib\include\Math\float2.h">
      <Filter>Externals\MathGeoLib\Math</Filter>
    </ClInclude>
    <ClInclude Include="Source\External\MathGeoLib\include\Math\float3.h">
      <Filter>Externals\MathGeoLib\Math</Filter>
    </ClInclude>
    <ClInclude Include="Source\External\MathGeoLib\include\Math\float3x3.h">
      <Filter>Externals\MathGeoLib\Math</Filter>
    </ClInclude>
    <ClInclude Include="Source\External\MathGeoLib\include\Math\float3x4.h">
      <Filter>Externals\MathGeoLib\Math</Filter>
    </ClInclude>
    <ClInclude Include="Source\External\MathGeoLib\include\Math\float4.h">
      <Filter>Externals\MathGeoLib\Math</Filter>
    </ClInclude>
    <ClInclude Include="Source\External\MathGeoLib\include\Math\float4_neon.h">
      <Filter>Externals\MathGeoLib\Math</Filter>
    </ClInclude>
    <ClInclude Include="Source\External\MathGeoLib\include\Math\float4_sse.h">
      <Filter>Externals\MathGeoLib\Math</Filter>
    </ClInclude>
    <ClInclude Include="Source\External\MathGeoLib\include\Math\float4x4.h">
      <Filter>Externals\MathGeoLib\Math</Filter>
    </ClInclude>
    <ClInclude Include="Source\External\MathGeoLib\include\Math\float4x4_neon.h">
      <Filter>Externals\MathGeoLib\Math</Filter>
    </ClInclude>
    <ClInclude Include="Source\External\MathGeoLib\include\Math\float4x4_sse.h">
      <Filter>Externals\MathGeoLib\Math</Filter>
    </ClInclude>
    <ClInclude Include="Source\External\MathGeoLib\include\Math\FloatCmp.h">
      <Filter>Externals\MathGeoLib\Math</Filter>
    </ClInclude>
    <ClInclude Include="Source\External\MathGeoLib\include\Math\MathAll.h">
      <Filter>Externals\MathGeoLib\Math</Filter>
    </ClInclude>
    <ClInclude Include="Source\External\MathGeoLib\include\Math\MathConstants.h">
      <Filter>Externals\MathGeoLib\Math</Filter>
    </ClInclude>
    <ClInclude Include="Source\External\MathGeoLib\include\Math\MathFunc.h">
      <Filter>Externals\MathGeoLib\Math</Filter>
    </ClInclude>
    <ClInclude Include="Source\External\MathGeoLib\include\Math\MathLog.h">
      <Filter>Externals\MathGeoLib\Math</Filter>
    </ClInclude>
    <ClInclude Include="Source\External\MathGeoLib\include\Math\MathNamespace.h">
      <Filter>Externals\MathGeoLib\Math</Filter>
    </ClInclude>
    <ClInclude Include="Source\External\MathGeoLib\include\Math\MathTypes.h">
      <Filter>Externals\MathGeoLib\Math</Filter>
    </ClInclude>
    <ClInclude Include="Source\External\MathGeoLib\include\Math\MatrixProxy.h">
      <Filter>Externals\MathGeoLib\Math</Filter>
    </ClInclude>
    <ClInclude Include="Source\External\MathGeoLib\include\Math\myassert.h">
      <Filter>Externals\MathGeoLib\Math</Filter>
    </ClInclude>
    <ClInclude Include="Source\External\MathGeoLib\include\Math\Polynomial.h">
      <Filter>Externals\MathGeoLib\Math</Filter>
    </ClInclude>
    <ClInclude Include="Source\External\MathGeoLib\include\Math\Quat.h">
      <Filter>Externals\MathGeoLib\Math</Filter>
    </ClInclude>
    <ClInclude Include="Source\External\MathGeoLib\include\Math\quat_simd.h">
      <Filter>Externals\MathGeoLib\Math</Filter>
    </ClInclude>
    <ClInclude Include="Source\External\MathGeoLib\include\Math\Rect.h">
      <Filter>Externals\MathGeoLib\Math</Filter>
    </ClInclude>
    <ClInclude Include="Source\External\MathGeoLib\include\Math\Reinterpret.h">
      <Filter>Externals\MathGeoLib\Math</Filter>
    </ClInclude>
    <ClInclude Include="Source\External\MathGeoLib\include\Math\sse_mathfun.h">
      <Filter>Externals\MathGeoLib\Math</Filter>
    </ClInclude>
    <ClInclude Include="Source\External\MathGeoLib\include\Math\SSEMath.h">
      <Filter>Externals\MathGeoLib\Math</Filter>
    </ClInclude>
    <ClInclude Include="Source\External\MathGeoLib\include\Math\TransformOps.h">
      <Filter>Externals\MathGeoLib\Math</Filter>
    </ClInclude>
    <ClInclude Include="Source\External\MathGeoLib\include\MathBuildConfig.h">
      <Filter>Externals\MathGeoLib</Filter>
    </ClInclude>
    <ClInclude Include="Source\External\MathGeoLib\include\MathGeoLib.h">
      <Filter>Externals\MathGeoLib</Filter>
    </ClInclude>
    <ClInclude Include="Source\External\MathGeoLib\include\MathGeoLibFwd.h">
      <Filter>Externals\MathGeoLib</Filter>
    </ClInclude>
    <ClInclude Include="Source\MathGeoLib.h">
      <Filter>Source Code\Includes</Filter>
    </ClInclude>
    <ClInclude Include="Source\VulkanDebugMessenger.h">
      <Filter>Source Code\Core\Renderer\Vulkan</Filter>
    </ClInclude>
    <ClInclude Include="Source\MathUtils.h">
      <Filter>Source Code\Utils</Filter>
    </ClInclude>
    <ClInclude Include="Source\Random.h">
      <Filter>Source Code\Utils</Filter>
    </ClInclude>
    <ClInclude Include="Source\VulkanInstance.h">
      <Filter>Source Code\Core\Renderer\Vulkan</Filter>
    </ClInclude>
    <ClInclude Include="Source\VulkanGlobals.h">
      <Filter>Source Code\Core\Renderer\Vulkan</Filter>
    </ClInclude>
    <ClInclude Include="Source\MemoryManager.h">
      <Filter>Source Code\Memory</Filter>
    </ClInclude>
    <ClInclude Include="Source\LinearAllocator.h">
      <Filter>Source Code\Memory</Filter>
    </ClInclude>
    <ClInclude Include="Source\ModuleFileSystem.h">
      <Filter>Source Code\Modules</Filter>
    </ClInclude>
    <ClInclude Include="Source\VulkanObjectShader.h">
      <Filter>Source Code\Core\Renderer\Vulkan\Shaders</Filter>
    </ClInclude>
    <ClInclude Include="Source\VulkanShaderUtils.h">
      <Filter>Source Code\Core\Renderer\Vulkan\Shaders</Filter>
    </ClInclude>
    <ClInclude Include="Source\FileHandle.h">
      <Filter>Source Code\File System</Filter>
    </ClInclude>
    <ClInclude Include="Source\FileManager.h">
      <Filter>Source Code\File System</Filter>
    </ClInclude>
    <ClInclude Include="Source\VulkanGraphicsPipeline.h">
      <Filter>Source Code\Core\Renderer\Vulkan</Filter>
    </ClInclude>
    <ClInclude Include="Source\VulkanBuffer.h">
      <Filter>Source Code\Core\Renderer\Vulkan</Filter>
    </ClInclude>
    <ClInclude Include="Source\ImporterMesh.h">
      <Filter>Source Code\Importers</Filter>
    </ClInclude>
    <ClInclude Include="Source\ImporterTexture.h">
      <Filter>Source Code\Importers</Filter>
    </ClInclude>
    <ClInclude Include="Source\Camera.h">
      <Filter>Source Code\Core\Camera</Filter>
    </ClInclude>
    <ClInclude Include="Source\External\stb_image\stb_image.h">
      <Filter>Externals\stb_image</Filter>
    </ClInclude>
    <ClInclude Include="Source\ModuleScene.h">
      <Filter>Source Code\Modules</Filter>
    </ClInclude>
  </ItemGroup>
  <ItemGroup>
    <None Include="Source\RendererTypes.inl">
      <Filter>Source Code\Core\Renderer</Filter>
    </None>
    <None Include="Source\VulkanTypes.inl">
      <Filter>Source Code\Core\Renderer\Vulkan</Filter>
    </None>
    <None Include="Source\OpenGLTypes.inl">
      <Filter>Source Code\Core\Renderer\OpenGL</Filter>
    </None>
    <None Include="Source\External\MathGeoLib\include\Geometry\KDTree.inl">
      <Filter>Externals\MathGeoLib\Geometry</Filter>
    </None>
    <None Include="Source\External\MathGeoLib\include\Geometry\QuadTree.inl">
      <Filter>Externals\MathGeoLib\Geometry</Filter>
    </None>
    <None Include="Source\External\MathGeoLib\include\Geometry\TriangleMesh_IntersectRay_AVX.inl">
      <Filter>Externals\MathGeoLib\Geometry</Filter>
    </None>
    <None Include="Source\External\MathGeoLib\include\Geometry\TriangleMesh_IntersectRay_CPP.inl">
      <Filter>Externals\MathGeoLib\Geometry</Filter>
    </None>
    <None Include="Source\External\MathGeoLib\include\Geometry\TriangleMesh_IntersectRay_SSE.inl">
      <Filter>Externals\MathGeoLib\Geometry</Filter>
    </None>
    <None Include="Source\External\MathGeoLib\include\Math\Matrix.inl">
      <Filter>Externals\MathGeoLib\Math</Filter>
    </None>
    <None Include="Engine\Assets\Shaders\BuiltIn.ObjectShader.vert.glsl">
      <Filter>Source Code\Core\Renderer\GLSL</Filter>
    </None>
    <None Include="Engine\Assets\Shaders\BuiltIn.ObjectShader.frag.glsl">
      <Filter>Source Code\Core\Renderer\GLSL</Filter>
    </None>
    <None Include="Source\ResourceTypes.inl">
      <Filter>Source Code\Resource Management</Filter>
    </None>
  </ItemGroup>
</Project>